
Microsoft Visual Studio Solution File, Format Version 12.00
# Visual Studio 15
VisualStudioVersion = 15.0.28307.1022
MinimumVisualStudioVersion = 10.0.40219.1
Project("{FAE04EC0-301F-11D3-BF4B-00C04F79EFBC}") = "Lesson1", "Lesson1\Lesson1.csproj", "{8EC37B0C-1378-4590-A0DF-B8469CEA9B4C}"
EndProject
Global
	GlobalSection(SolutionConfigurationPlatforms) = preSolution
		Debug|Any CPU = Debug|Any CPU
		Release|Any CPU = Release|Any CPU
	EndGlobalSection
	GlobalSection(ProjectConfigurationPlatforms) = postSolution
		{8EC37B0C-1378-4590-A0DF-B8469CEA9B4C}.Debug|Any CPU.ActiveCfg = Debug|Any CPU
		{8EC37B0C-1378-4590-A0DF-B8469CEA9B4C}.Debug|Any CPU.Build.0 = Debug|Any CPU
		{8EC37B0C-1378-4590-A0DF-B8469CEA9B4C}.Release|Any CPU.ActiveCfg = Release|Any CPU
		{8EC37B0C-1378-4590-A0DF-B8469CEA9B4C}.Release|Any CPU.Build.0 = Release|Any CPU
	EndGlobalSection
	GlobalSection(SolutionProperties) = preSolution
		HideSolutionNode = FALSE
	EndGlobalSection
	GlobalSection(ExtensibilityGlobals) = postSolution
		SolutionGuid = {C1197E72-C2D6-4031-8B34-74AE0352B3A2}
	EndGlobalSection
EndGlobal
